
Microsoft Visual Studio Solution File, Format Version 12.00
# Visual Studio Version 17
VisualStudioVersion = 17.1.32414.318
MinimumVisualStudioVersion = 10.0.40219.1
Project("{FAE04EC0-301F-11D3-BF4B-00C04F79EFBC}") = "FunctionApp.Isolocated.Net6.Test", "FunctionApp.Isolocated.Net6.Test\FunctionApp.Isolocated.Net6.Test.csproj", "{3D93F4D0-162E-461C-B2EE-A1B03767C17B}"
EndProject
Global
	GlobalSection(SolutionConfigurationPlatforms) = preSolution
		Debug|Any CPU = Debug|Any CPU
		Release|Any CPU = Release|Any CPU
	EndGlobalSection
	GlobalSection(ProjectConfigurationPlatforms) = postSolution
		{3D93F4D0-162E-461C-B2EE-A1B03767C17B}.Debug|Any CPU.ActiveCfg = Debug|Any CPU
		{3D93F4D0-162E-461C-B2EE-A1B03767C17B}.Debug|Any CPU.Build.0 = Debug|Any CPU
		{3D93F4D0-162E-461C-B2EE-A1B03767C17B}.Release|Any CPU.ActiveCfg = Release|Any CPU
		{3D93F4D0-162E-461C-B2EE-A1B03767C17B}.Release|Any CPU.Build.0 = Release|Any CPU
	EndGlobalSection
	GlobalSection(SolutionProperties) = preSolution
		HideSolutionNode = FALSE
	EndGlobalSection
	GlobalSection(ExtensibilityGlobals) = postSolution
		SolutionGuid = {2B3921FF-76DE-4FE8-AC9D-1DB7FC43A941}
	EndGlobalSection
EndGlobal
